// !$*UTF8*$!
{
	archiveVersion = 1;
	classes = {
	};
	objectVersion = 46;
	objects = {

/* Begin PBXBuildFile section */
		5A25AFF018E91B9C006843CD /* style.css in Resources */ = {isa = PBXBuildFile; fileRef = 5A25AFEF18E91B9C006843CD /* style.css */; };
		5AC5907C191DC41B002C8A52 /* KCRootNavigationController.m in Sources */ = {isa = PBXBuildFile; fileRef = 5AC5907B191DC41B002C8A52 /* KCRootNavigationController.m */; };
		5AC590B1191DC486002C8A52 /* KCErrorNotificationCenter.m in Sources */ = {isa = PBXBuildFile; fileRef = 5AC59080191DC485002C8A52 /* KCErrorNotificationCenter.m */; };
		5AC590B2191DC486002C8A52 /* KCNetworkErrorHandler.m in Sources */ = {isa = PBXBuildFile; fileRef = 5AC59082191DC485002C8A52 /* KCNetworkErrorHandler.m */; };
		5AC590B3191DC486002C8A52 /* KCCategoryManager.m in Sources */ = {isa = PBXBuildFile; fileRef = 5AC59085191DC485002C8A52 /* KCCategoryManager.m */; };
		5AC590B4191DC486002C8A52 /* KCPostListInCategoryManager.m in Sources */ = {isa = PBXBuildFile; fileRef = 5AC59087191DC486002C8A52 /* KCPostListInCategoryManager.m */; };
		5AC590B5191DC486002C8A52 /* KCPostPageGetCommentsManager.m in Sources */ = {isa = PBXBuildFile; fileRef = 5AC59089191DC486002C8A52 /* KCPostPageGetCommentsManager.m */; };
		5AC590B6191DC486002C8A52 /* KCBlogInfoRequestManager.m in Sources */ = {isa = PBXBuildFile; fileRef = 5AC5908C191DC486002C8A52 /* KCBlogInfoRequestManager.m */; };
		5AC590B7191DC486002C8A52 /* KCGetCommentsRequestManager.m in Sources */ = {isa = PBXBuildFile; fileRef = 5AC5908E191DC486002C8A52 /* KCGetCommentsRequestManager.m */; };
		5AC590B8191DC486002C8A52 /* KCGetPostsRequestManager.m in Sources */ = {isa = PBXBuildFile; fileRef = 5AC59090191DC486002C8A52 /* KCGetPostsRequestManager.m */; };
		5AC590B9191DC486002C8A52 /* KCGetTermsRequestManager.m in Sources */ = {isa = PBXBuildFile; fileRef = 5AC59092191DC486002C8A52 /* KCGetTermsRequestManager.m */; };
		5AC590BA191DC486002C8A52 /* KCGetUsersBlogsRequestManager.m in Sources */ = {isa = PBXBuildFile; fileRef = 5AC59094191DC486002C8A52 /* KCGetUsersBlogsRequestManager.m */; };
		5AC590BB191DC486002C8A52 /* KCNewCommentRequestManager.m in Sources */ = {isa = PBXBuildFile; fileRef = 5AC59096191DC486002C8A52 /* KCNewCommentRequestManager.m */; };
		5AC590BC191DC486002C8A52 /* KCPostRequestManager.m in Sources */ = {isa = PBXBuildFile; fileRef = 5AC59098191DC486002C8A52 /* KCPostRequestManager.m */; };
		5AC590BD191DC486002C8A52 /* KCRequestManager.m in Sources */ = {isa = PBXBuildFile; fileRef = 5AC5909A191DC486002C8A52 /* KCRequestManager.m */; };
		5AC590BE191DC486002C8A52 /* WPRequestManager.m in Sources */ = {isa = PBXBuildFile; fileRef = 5AC5909C191DC486002C8A52 /* WPRequestManager.m */; };
		5AC590BF191DC486002C8A52 /* KCAddNewCommentViewController.m in Sources */ = {isa = PBXBuildFile; fileRef = 5AC5909F191DC486002C8A52 /* KCAddNewCommentViewController.m */; };
		5AC590C0191DC486002C8A52 /* KCCategoryTableViewController.m in Sources */ = {isa = PBXBuildFile; fileRef = 5AC590A1191DC486002C8A52 /* KCCategoryTableViewController.m */; };
		5AC590C1191DC486002C8A52 /* KCCommentsViewController.m in Sources */ = {isa = PBXBuildFile; fileRef = 5AC590A3191DC486002C8A52 /* KCCommentsViewController.m */; };
		5AC590C2191DC486002C8A52 /* KCPostPageViewController.m in Sources */ = {isa = PBXBuildFile; fileRef = 5AC590A5191DC486002C8A52 /* KCPostPageViewController.m */; };
		5AC590C3191DC486002C8A52 /* KCPostsTableViewController.m in Sources */ = {isa = PBXBuildFile; fileRef = 5AC590A7191DC486002C8A52 /* KCPostsTableViewController.m */; };
		5AC590C4191DC486002C8A52 /* WPRequest.m in Sources */ = {isa = PBXBuildFile; fileRef = 5AC590AA191DC486002C8A52 /* WPRequest.m */; };
		5AC590C5191DC486002C8A52 /* KCCommentTableViewCell.m in Sources */ = {isa = PBXBuildFile; fileRef = 5AC590AD191DC486002C8A52 /* KCCommentTableViewCell.m */; };
		5AC590C6191DC486002C8A52 /* KCPostTableViewCell.m in Sources */ = {isa = PBXBuildFile; fileRef = 5AC590AF191DC486002C8A52 /* KCPostTableViewCell.m */; };
		5AC590C7191DC486002C8A52 /* KCPostTableViewCell.xib in Resources */ = {isa = PBXBuildFile; fileRef = 5AC590B0191DC486002C8A52 /* KCPostTableViewCell.xib */; };
		5AE4A45A18D93F800000DB21 /* Foundation.framework in Frameworks */ = {isa = PBXBuildFile; fileRef = 5AE4A45918D93F800000DB21 /* Foundation.framework */; };
		5AE4A45C18D93F800000DB21 /* CoreGraphics.framework in Frameworks */ = {isa = PBXBuildFile; fileRef = 5AE4A45B18D93F800000DB21 /* CoreGraphics.framework */; };
		5AE4A45E18D93F800000DB21 /* UIKit.framework in Frameworks */ = {isa = PBXBuildFile; fileRef = 5AE4A45D18D93F800000DB21 /* UIKit.framework */; };
		5AE4A46418D93F800000DB21 /* InfoPlist.strings in Resources */ = {isa = PBXBuildFile; fileRef = 5AE4A46218D93F800000DB21 /* InfoPlist.strings */; };
		5AE4A46618D93F800000DB21 /* main.m in Sources */ = {isa = PBXBuildFile; fileRef = 5AE4A46518D93F800000DB21 /* main.m */; };
		5AE4A46A18D93F800000DB21 /* KCAppDelegate.m in Sources */ = {isa = PBXBuildFile; fileRef = 5AE4A46918D93F800000DB21 /* KCAppDelegate.m */; };
		5AE4A46D18D93F800000DB21 /* Main.storyboard in Resources */ = {isa = PBXBuildFile; fileRef = 5AE4A46B18D93F800000DB21 /* Main.storyboard */; };
		5AE4A47218D93F800000DB21 /* Images.xcassets in Resources */ = {isa = PBXBuildFile; fileRef = 5AE4A47118D93F800000DB21 /* Images.xcassets */; };
		5AE4A47918D93F810000DB21 /* XCTest.framework in Frameworks */ = {isa = PBXBuildFile; fileRef = 5AE4A47818D93F810000DB21 /* XCTest.framework */; };
		5AE4A47A18D93F810000DB21 /* Foundation.framework in Frameworks */ = {isa = PBXBuildFile; fileRef = 5AE4A45918D93F800000DB21 /* Foundation.framework */; };
		5AE4A47B18D93F810000DB21 /* UIKit.framework in Frameworks */ = {isa = PBXBuildFile; fileRef = 5AE4A45D18D93F800000DB21 /* UIKit.framework */; };
		5AE4A48318D93F810000DB21 /* InfoPlist.strings in Resources */ = {isa = PBXBuildFile; fileRef = 5AE4A48118D93F810000DB21 /* InfoPlist.strings */; };
		5AE4A48518D93F810000DB21 /* WordpressTests.m in Sources */ = {isa = PBXBuildFile; fileRef = 5AE4A48418D93F810000DB21 /* WordpressTests.m */; };
		B0E568436612432490C17C30 /* libPods.a in Frameworks */ = {isa = PBXBuildFile; fileRef = AC12DA695FB64963BFB16FBD /* libPods.a */; };
/* End PBXBuildFile section */

/* Begin PBXContainerItemProxy section */
		5AE4A47C18D93F810000DB21 /* PBXContainerItemProxy */ = {
			isa = PBXContainerItemProxy;
			containerPortal = 5AE4A44E18D93F800000DB21 /* Project object */;
			proxyType = 1;
			remoteGlobalIDString = 5AE4A45518D93F800000DB21;
			remoteInfo = Wordpress;
		};
/* End PBXContainerItemProxy section */

/* Begin PBXFileReference section */
		2ED28D173AA34971908983B2 /* Pods.xcconfig */ = {isa = PBXFileReference; includeInIndex = 1; lastKnownFileType = text.xcconfig; name = Pods.xcconfig; path = Pods/Pods.xcconfig; sourceTree = "<group>"; };
		5A25AFEF18E91B9C006843CD /* style.css */ = {isa = PBXFileReference; fileEncoding = 4; lastKnownFileType = text.css; path = style.css; sourceTree = "<group>"; };
		5AC5907A191DC41B002C8A52 /* KCRootNavigationController.h */ = {isa = PBXFileReference; fileEncoding = 4; lastKnownFileType = sourcecode.c.h; path = KCRootNavigationController.h; sourceTree = "<group>"; };
		5AC5907B191DC41B002C8A52 /* KCRootNavigationController.m */ = {isa = PBXFileReference; fileEncoding = 4; lastKnownFileType = sourcecode.c.objc; path = KCRootNavigationController.m; sourceTree = "<group>"; };
		5AC5907F191DC485002C8A52 /* KCErrorNotificationCenter.h */ = {isa = PBXFileReference; fileEncoding = 4; lastKnownFileType = sourcecode.c.h; path = KCErrorNotificationCenter.h; sourceTree = "<group>"; };
		5AC59080191DC485002C8A52 /* KCErrorNotificationCenter.m */ = {isa = PBXFileReference; fileEncoding = 4; lastKnownFileType = sourcecode.c.objc; path = KCErrorNotificationCenter.m; sourceTree = "<group>"; };
		5AC59081191DC485002C8A52 /* KCNetworkErrorHandler.h */ = {isa = PBXFileReference; fileEncoding = 4; lastKnownFileType = sourcecode.c.h; path = KCNetworkErrorHandler.h; sourceTree = "<group>"; };
		5AC59082191DC485002C8A52 /* KCNetworkErrorHandler.m */ = {isa = PBXFileReference; fileEncoding = 4; lastKnownFileType = sourcecode.c.objc; path = KCNetworkErrorHandler.m; sourceTree = "<group>"; };
		5AC59084191DC485002C8A52 /* KCCategoryManager.h */ = {isa = PBXFileReference; fileEncoding = 4; lastKnownFileType = sourcecode.c.h; path = KCCategoryManager.h; sourceTree = "<group>"; };
		5AC59085191DC485002C8A52 /* KCCategoryManager.m */ = {isa = PBXFileReference; fileEncoding = 4; lastKnownFileType = sourcecode.c.objc; path = KCCategoryManager.m; sourceTree = "<group>"; };
		5AC59086191DC485002C8A52 /* KCPostListInCategoryManager.h */ = {isa = PBXFileReference; fileEncoding = 4; lastKnownFileType = sourcecode.c.h; path = KCPostListInCategoryManager.h; sourceTree = "<group>"; };
		5AC59087191DC486002C8A52 /* KCPostListInCategoryManager.m */ = {isa = PBXFileReference; fileEncoding = 4; lastKnownFileType = sourcecode.c.objc; path = KCPostListInCategoryManager.m; sourceTree = "<group>"; };
		5AC59088191DC486002C8A52 /* KCPostPageGetCommentsManager.h */ = {isa = PBXFileReference; fileEncoding = 4; lastKnownFileType = sourcecode.c.h; path = KCPostPageGetCommentsManager.h; sourceTree = "<group>"; };
		5AC59089191DC486002C8A52 /* KCPostPageGetCommentsManager.m */ = {isa = PBXFileReference; fileEncoding = 4; lastKnownFileType = sourcecode.c.objc; path = KCPostPageGetCommentsManager.m; sourceTree = "<group>"; };
		5AC5908B191DC486002C8A52 /* KCBlogInfoRequestManager.h */ = {isa = PBXFileReference; fileEncoding = 4; lastKnownFileType = sourcecode.c.h; path = KCBlogInfoRequestManager.h; sourceTree = "<group>"; };
		5AC5908C191DC486002C8A52 /* KCBlogInfoRequestManager.m */ = {isa = PBXFileReference; fileEncoding = 4; lastKnownFileType = sourcecode.c.objc; path = KCBlogInfoRequestManager.m; sourceTree = "<group>"; };
		5AC5908D191DC486002C8A52 /* KCGetCommentsRequestManager.h */ = {isa = PBXFileReference; fileEncoding = 4; lastKnownFileType = sourcecode.c.h; path = KCGetCommentsRequestManager.h; sourceTree = "<group>"; };
		5AC5908E191DC486002C8A52 /* KCGetCommentsRequestManager.m */ = {isa = PBXFileReference; fileEncoding = 4; lastKnownFileType = sourcecode.c.objc; path = KCGetCommentsRequestManager.m; sourceTree = "<group>"; };
		5AC5908F191DC486002C8A52 /* KCGetPostsRequestManager.h */ = {isa = PBXFileReference; fileEncoding = 4; lastKnownFileType = sourcecode.c.h; path = KCGetPostsRequestManager.h; sourceTree = "<group>"; };
		5AC59090191DC486002C8A52 /* KCGetPostsRequestManager.m */ = {isa = PBXFileReference; fileEncoding = 4; lastKnownFileType = sourcecode.c.objc; path = KCGetPostsRequestManager.m; sourceTree = "<group>"; };
		5AC59091191DC486002C8A52 /* KCGetTermsRequestManager.h */ = {isa = PBXFileReference; fileEncoding = 4; lastKnownFileType = sourcecode.c.h; path = KCGetTermsRequestManager.h; sourceTree = "<group>"; };
		5AC59092191DC486002C8A52 /* KCGetTermsRequestManager.m */ = {isa = PBXFileReference; fileEncoding = 4; lastKnownFileType = sourcecode.c.objc; path = KCGetTermsRequestManager.m; sourceTree = "<group>"; };
		5AC59093191DC486002C8A52 /* KCGetUsersBlogsRequestManager.h */ = {isa = PBXFileReference; fileEncoding = 4; lastKnownFileType = sourcecode.c.h; path = KCGetUsersBlogsRequestManager.h; sourceTree = "<group>"; };
		5AC59094191DC486002C8A52 /* KCGetUsersBlogsRequestManager.m */ = {isa = PBXFileReference; fileEncoding = 4; lastKnownFileType = sourcecode.c.objc; path = KCGetUsersBlogsRequestManager.m; sourceTree = "<group>"; };
		5AC59095191DC486002C8A52 /* KCNewCommentRequestManager.h */ = {isa = PBXFileReference; fileEncoding = 4; lastKnownFileType = sourcecode.c.h; path = KCNewCommentRequestManager.h; sourceTree = "<group>"; };
		5AC59096191DC486002C8A52 /* KCNewCommentRequestManager.m */ = {isa = PBXFileReference; fileEncoding = 4; lastKnownFileType = sourcecode.c.objc; path = KCNewCommentRequestManager.m; sourceTree = "<group>"; };
		5AC59097191DC486002C8A52 /* KCPostRequestManager.h */ = {isa = PBXFileReference; fileEncoding = 4; lastKnownFileType = sourcecode.c.h; path = KCPostRequestManager.h; sourceTree = "<group>"; };
		5AC59098191DC486002C8A52 /* KCPostRequestManager.m */ = {isa = PBXFileReference; fileEncoding = 4; lastKnownFileType = sourcecode.c.objc; path = KCPostRequestManager.m; sourceTree = "<group>"; };
		5AC59099191DC486002C8A52 /* KCRequestManager.h */ = {isa = PBXFileReference; fileEncoding = 4; lastKnownFileType = sourcecode.c.h; path = KCRequestManager.h; sourceTree = "<group>"; };
		5AC5909A191DC486002C8A52 /* KCRequestManager.m */ = {isa = PBXFileReference; fileEncoding = 4; lastKnownFileType = sourcecode.c.objc; path = KCRequestManager.m; sourceTree = "<group>"; };
		5AC5909B191DC486002C8A52 /* WPRequestManager.h */ = {isa = PBXFileReference; fileEncoding = 4; lastKnownFileType = sourcecode.c.h; path = WPRequestManager.h; sourceTree = "<group>"; };
		5AC5909C191DC486002C8A52 /* WPRequestManager.m */ = {isa = PBXFileReference; fileEncoding = 4; lastKnownFileType = sourcecode.c.objc; path = WPRequestManager.m; sourceTree = "<group>"; };
		5AC5909E191DC486002C8A52 /* KCAddNewCommentViewController.h */ = {isa = PBXFileReference; fileEncoding = 4; lastKnownFileType = sourcecode.c.h; path = KCAddNewCommentViewController.h; sourceTree = "<group>"; };
		5AC5909F191DC486002C8A52 /* KCAddNewCommentViewController.m */ = {isa = PBXFileReference; fileEncoding = 4; lastKnownFileType = sourcecode.c.objc; path = KCAddNewCommentViewController.m; sourceTree = "<group>"; };
		5AC590A0191DC486002C8A52 /* KCCategoryTableViewController.h */ = {isa = PBXFileReference; fileEncoding = 4; lastKnownFileType = sourcecode.c.h; path = KCCategoryTableViewController.h; sourceTree = "<group>"; };
		5AC590A1191DC486002C8A52 /* KCCategoryTableViewController.m */ = {isa = PBXFileReference; fileEncoding = 4; lastKnownFileType = sourcecode.c.objc; path = KCCategoryTableViewController.m; sourceTree = "<group>"; };
		5AC590A2191DC486002C8A52 /* KCCommentsViewController.h */ = {isa = PBXFileReference; fileEncoding = 4; lastKnownFileType = sourcecode.c.h; path = KCCommentsViewController.h; sourceTree = "<group>"; };
		5AC590A3191DC486002C8A52 /* KCCommentsViewController.m */ = {isa = PBXFileReference; fileEncoding = 4; lastKnownFileType = sourcecode.c.objc; path = KCCommentsViewController.m; sourceTree = "<group>"; };
		5AC590A4191DC486002C8A52 /* KCPostPageViewController.h */ = {isa = PBXFileReference; fileEncoding = 4; lastKnownFileType = sourcecode.c.h; path = KCPostPageViewController.h; sourceTree = "<group>"; };
		5AC590A5191DC486002C8A52 /* KCPostPageViewController.m */ = {isa = PBXFileReference; fileEncoding = 4; lastKnownFileType = sourcecode.c.objc; path = KCPostPageViewController.m; sourceTree = "<group>"; };
		5AC590A6191DC486002C8A52 /* KCPostsTableViewController.h */ = {isa = PBXFileReference; fileEncoding = 4; lastKnownFileType = sourcecode.c.h; path = KCPostsTableViewController.h; sourceTree = "<group>"; };
		5AC590A7191DC486002C8A52 /* KCPostsTableViewController.m */ = {isa = PBXFileReference; fileEncoding = 4; lastKnownFileType = sourcecode.c.objc; path = KCPostsTableViewController.m; sourceTree = "<group>"; };
		5AC590A9191DC486002C8A52 /* WPRequest.h */ = {isa = PBXFileReference; fileEncoding = 4; lastKnownFileType = sourcecode.c.h; path = WPRequest.h; sourceTree = "<group>"; };
		5AC590AA191DC486002C8A52 /* WPRequest.m */ = {isa = PBXFileReference; fileEncoding = 4; lastKnownFileType = sourcecode.c.objc; path = WPRequest.m; sourceTree = "<group>"; };
		5AC590AC191DC486002C8A52 /* KCCommentTableViewCell.h */ = {isa = PBXFileReference; fileEncoding = 4; lastKnownFileType = sourcecode.c.h; path = KCCommentTableViewCell.h; sourceTree = "<group>"; };
		5AC590AD191DC486002C8A52 /* KCCommentTableViewCell.m */ = {isa = PBXFileReference; fileEncoding = 4; lastKnownFileType = sourcecode.c.objc; path = KCCommentTableViewCell.m; sourceTree = "<group>"; };
		5AC590AE191DC486002C8A52 /* KCPostTableViewCell.h */ = {isa = PBXFileReference; fileEncoding = 4; lastKnownFileType = sourcecode.c.h; path = KCPostTableViewCell.h; sourceTree = "<group>"; };
		5AC590AF191DC486002C8A52 /* KCPostTableViewCell.m */ = {isa = PBXFileReference; fileEncoding = 4; lastKnownFileType = sourcecode.c.objc; path = KCPostTableViewCell.m; sourceTree = "<group>"; };
		5AC590B0191DC486002C8A52 /* KCPostTableViewCell.xib */ = {isa = PBXFileReference; fileEncoding = 4; lastKnownFileType = file.xib; path = KCPostTableViewCell.xib; sourceTree = "<group>"; };
		5AE4A45618D93F800000DB21 /* Wordpress.app */ = {isa = PBXFileReference; explicitFileType = wrapper.application; includeInIndex = 0; path = Wordpress.app; sourceTree = BUILT_PRODUCTS_DIR; };
		5AE4A45918D93F800000DB21 /* Foundation.framework */ = {isa = PBXFileReference; lastKnownFileType = wrapper.framework; name = Foundation.framework; path = System/Library/Frameworks/Foundation.framework; sourceTree = SDKROOT; };
		5AE4A45B18D93F800000DB21 /* CoreGraphics.framework */ = {isa = PBXFileReference; lastKnownFileType = wrapper.framework; name = CoreGraphics.framework; path = System/Library/Frameworks/CoreGraphics.framework; sourceTree = SDKROOT; };
		5AE4A45D18D93F800000DB21 /* UIKit.framework */ = {isa = PBXFileReference; lastKnownFileType = wrapper.framework; name = UIKit.framework; path = System/Library/Frameworks/UIKit.framework; sourceTree = SDKROOT; };
		5AE4A46118D93F800000DB21 /* Wordpress-Info.plist */ = {isa = PBXFileReference; lastKnownFileType = text.plist.xml; path = "Wordpress-Info.plist"; sourceTree = "<group>"; };
		5AE4A46318D93F800000DB21 /* en */ = {isa = PBXFileReference; lastKnownFileType = text.plist.strings; name = en; path = en.lproj/InfoPlist.strings; sourceTree = "<group>"; };
		5AE4A46518D93F800000DB21 /* main.m */ = {isa = PBXFileReference; lastKnownFileType = sourcecode.c.objc; path = main.m; sourceTree = "<group>"; };
		5AE4A46718D93F800000DB21 /* Wordpress-Prefix.pch */ = {isa = PBXFileReference; lastKnownFileType = sourcecode.c.h; path = "Wordpress-Prefix.pch"; sourceTree = "<group>"; };
		5AE4A46818D93F800000DB21 /* KCAppDelegate.h */ = {isa = PBXFileReference; lastKnownFileType = sourcecode.c.h; path = KCAppDelegate.h; sourceTree = "<group>"; };
		5AE4A46918D93F800000DB21 /* KCAppDelegate.m */ = {isa = PBXFileReference; lastKnownFileType = sourcecode.c.objc; path = KCAppDelegate.m; sourceTree = "<group>"; };
		5AE4A46C18D93F800000DB21 /* Base */ = {isa = PBXFileReference; lastKnownFileType = file.storyboard; name = Base; path = Base.lproj/Main.storyboard; sourceTree = "<group>"; };
		5AE4A47118D93F800000DB21 /* Images.xcassets */ = {isa = PBXFileReference; lastKnownFileType = folder.assetcatalog; path = Images.xcassets; sourceTree = "<group>"; };
		5AE4A47718D93F810000DB21 /* WordpressTests.xctest */ = {isa = PBXFileReference; explicitFileType = wrapper.cfbundle; includeInIndex = 0; path = WordpressTests.xctest; sourceTree = BUILT_PRODUCTS_DIR; };
		5AE4A47818D93F810000DB21 /* XCTest.framework */ = {isa = PBXFileReference; lastKnownFileType = wrapper.framework; name = XCTest.framework; path = Library/Frameworks/XCTest.framework; sourceTree = DEVELOPER_DIR; };
		5AE4A48018D93F810000DB21 /* WordpressTests-Info.plist */ = {isa = PBXFileReference; lastKnownFileType = text.plist.xml; path = "WordpressTests-Info.plist"; sourceTree = "<group>"; };
		5AE4A48218D93F810000DB21 /* en */ = {isa = PBXFileReference; lastKnownFileType = text.plist.strings; name = en; path = en.lproj/InfoPlist.strings; sourceTree = "<group>"; };
		5AE4A48418D93F810000DB21 /* WordpressTests.m */ = {isa = PBXFileReference; lastKnownFileType = sourcecode.c.objc; path = WordpressTests.m; sourceTree = "<group>"; };
		AC12DA695FB64963BFB16FBD /* libPods.a */ = {isa = PBXFileReference; explicitFileType = archive.ar; includeInIndex = 0; path = libPods.a; sourceTree = BUILT_PRODUCTS_DIR; };
/* End PBXFileReference section */

/* Begin PBXFrameworksBuildPhase section */
		5AE4A45318D93F800000DB21 /* Frameworks */ = {
			isa = PBXFrameworksBuildPhase;
			buildActionMask = 2147483647;
			files = (
				5AE4A45C18D93F800000DB21 /* CoreGraphics.framework in Frameworks */,
				5AE4A45E18D93F800000DB21 /* UIKit.framework in Frameworks */,
				5AE4A45A18D93F800000DB21 /* Foundation.framework in Frameworks */,
				B0E568436612432490C17C30 /* libPods.a in Frameworks */,
			);
			runOnlyForDeploymentPostprocessing = 0;
		};
		5AE4A47418D93F810000DB21 /* Frameworks */ = {
			isa = PBXFrameworksBuildPhase;
			buildActionMask = 2147483647;
			files = (
				5AE4A47918D93F810000DB21 /* XCTest.framework in Frameworks */,
				5AE4A47B18D93F810000DB21 /* UIKit.framework in Frameworks */,
				5AE4A47A18D93F810000DB21 /* Foundation.framework in Frameworks */,
			);
			runOnlyForDeploymentPostprocessing = 0;
		};
/* End PBXFrameworksBuildPhase section */

/* Begin PBXGroup section */
		5AC5907D191DC46B002C8A52 /* WP */ = {
			isa = PBXGroup;
			children = (
				5AC5907E191DC485002C8A52 /* Controller */,
				5AC590A8191DC486002C8A52 /* Model */,
				5AC590AB191DC486002C8A52 /* View */,
			);
			name = WP;
			sourceTree = "<group>";
		};
		5AC5907E191DC485002C8A52 /* Controller */ = {
			isa = PBXGroup;
			children = (
				5AC5907F191DC485002C8A52 /* KCErrorNotificationCenter.h */,
				5AC59080191DC485002C8A52 /* KCErrorNotificationCenter.m */,
				5AC59081191DC485002C8A52 /* KCNetworkErrorHandler.h */,
				5AC59082191DC485002C8A52 /* KCNetworkErrorHandler.m */,
				5AC59083191DC485002C8A52 /* Manager */,
				5AC5908A191DC486002C8A52 /* Request Manager */,
				5AC5909D191DC486002C8A52 /* View Controller */,
			);
			name = Controller;
			path = WP/Controller;
			sourceTree = "<group>";
		};
		5AC59083191DC485002C8A52 /* Manager */ = {
			isa = PBXGroup;
			children = (
				5AC59084191DC485002C8A52 /* KCCategoryManager.h */,
				5AC59085191DC485002C8A52 /* KCCategoryManager.m */,
				5AC59086191DC485002C8A52 /* KCPostListInCategoryManager.h */,
				5AC59087191DC486002C8A52 /* KCPostListInCategoryManager.m */,
				5AC59088191DC486002C8A52 /* KCPostPageGetCommentsManager.h */,
				5AC59089191DC486002C8A52 /* KCPostPageGetCommentsManager.m */,
			);
			path = Manager;
			sourceTree = "<group>";
		};
		5AC5908A191DC486002C8A52 /* Request Manager */ = {
			isa = PBXGroup;
			children = (
				5AC5908B191DC486002C8A52 /* KCBlogInfoRequestManager.h */,
				5AC5908C191DC486002C8A52 /* KCBlogInfoRequestManager.m */,
				5AC5908D191DC486002C8A52 /* KCGetCommentsRequestManager.h */,
				5AC5908E191DC486002C8A52 /* KCGetCommentsRequestManager.m */,
				5AC5908F191DC486002C8A52 /* KCGetPostsRequestManager.h */,
				5AC59090191DC486002C8A52 /* KCGetPostsRequestManager.m */,
				5AC59091191DC486002C8A52 /* KCGetTermsRequestManager.h */,
				5AC59092191DC486002C8A52 /* KCGetTermsRequestManager.m */,
				5AC59093191DC486002C8A52 /* KCGetUsersBlogsRequestManager.h */,
				5AC59094191DC486002C8A52 /* KCGetUsersBlogsRequestManager.m */,
				5AC59095191DC486002C8A52 /* KCNewCommentRequestManager.h */,
				5AC59096191DC486002C8A52 /* KCNewCommentRequestManager.m */,
				5AC59097191DC486002C8A52 /* KCPostRequestManager.h */,
				5AC59098191DC486002C8A52 /* KCPostRequestManager.m */,
				5AC59099191DC486002C8A52 /* KCRequestManager.h */,
				5AC5909A191DC486002C8A52 /* KCRequestManager.m */,
				5AC5909B191DC486002C8A52 /* WPRequestManager.h */,
				5AC5909C191DC486002C8A52 /* WPRequestManager.m */,
			);
			path = "Request Manager";
			sourceTree = "<group>";
		};
		5AC5909D191DC486002C8A52 /* View Controller */ = {
			isa = PBXGroup;
			children = (
				5AC5909E191DC486002C8A52 /* KCAddNewCommentViewController.h */,
				5AC5909F191DC486002C8A52 /* KCAddNewCommentViewController.m */,
				5AC590A0191DC486002C8A52 /* KCCategoryTableViewController.h */,
				5AC590A1191DC486002C8A52 /* KCCategoryTableViewController.m */,
				5AC590A2191DC486002C8A52 /* KCCommentsViewController.h */,
				5AC590A3191DC486002C8A52 /* KCCommentsViewController.m */,
				5AC590A4191DC486002C8A52 /* KCPostPageViewController.h */,
				5AC590A5191DC486002C8A52 /* KCPostPageViewController.m */,
				5AC590A6191DC486002C8A52 /* KCPostsTableViewController.h */,
				5AC590A7191DC486002C8A52 /* KCPostsTableViewController.m */,
			);
			path = "View Controller";
			sourceTree = "<group>";
		};
		5AC590A8191DC486002C8A52 /* Model */ = {
			isa = PBXGroup;
			children = (
				5AC590A9191DC486002C8A52 /* WPRequest.h */,
				5AC590AA191DC486002C8A52 /* WPRequest.m */,
			);
			name = Model;
			path = WP/Model;
			sourceTree = "<group>";
		};
		5AC590AB191DC486002C8A52 /* View */ = {
			isa = PBXGroup;
			children = (
				5AC590AC191DC486002C8A52 /* KCCommentTableViewCell.h */,
				5AC590AD191DC486002C8A52 /* KCCommentTableViewCell.m */,
				5AC590AE191DC486002C8A52 /* KCPostTableViewCell.h */,
				5AC590AF191DC486002C8A52 /* KCPostTableViewCell.m */,
				5AC590B0191DC486002C8A52 /* KCPostTableViewCell.xib */,
			);
			name = View;
			path = WP/View;
			sourceTree = "<group>";
		};
		5AE4A44D18D93F800000DB21 = {
			isa = PBXGroup;
			children = (
				5AE4A45F18D93F800000DB21 /* Wordpress */,
				5AE4A47E18D93F810000DB21 /* WordpressTests */,
				5AE4A45818D93F800000DB21 /* Frameworks */,
				5AE4A45718D93F800000DB21 /* Products */,
				2ED28D173AA34971908983B2 /* Pods.xcconfig */,
			);
			sourceTree = "<group>";
		};
		5AE4A45718D93F800000DB21 /* Products */ = {
			isa = PBXGroup;
			children = (
				5AE4A45618D93F800000DB21 /* Wordpress.app */,
				5AE4A47718D93F810000DB21 /* WordpressTests.xctest */,
			);
			name = Products;
			sourceTree = "<group>";
		};
		5AE4A45818D93F800000DB21 /* Frameworks */ = {
			isa = PBXGroup;
			children = (
				5AE4A45918D93F800000DB21 /* Foundation.framework */,
				5AE4A45B18D93F800000DB21 /* CoreGraphics.framework */,
				5AE4A45D18D93F800000DB21 /* UIKit.framework */,
				5AE4A47818D93F810000DB21 /* XCTest.framework */,
				AC12DA695FB64963BFB16FBD /* libPods.a */,
			);
			name = Frameworks;
			sourceTree = "<group>";
		};
		5AE4A45F18D93F800000DB21 /* Wordpress */ = {
			isa = PBXGroup;
			children = (
				5AC5907D191DC46B002C8A52 /* WP */,
				5AC5907A191DC41B002C8A52 /* KCRootNavigationController.h */,
				5AC5907B191DC41B002C8A52 /* KCRootNavigationController.m */,
				5AE4A47118D93F800000DB21 /* Images.xcassets */,
				5AE4A46B18D93F800000DB21 /* Main.storyboard */,
				5AE4A46018D93F800000DB21 /* Supporting Files */,
			);
			path = Wordpress;
			sourceTree = "<group>";
		};
		5AE4A46018D93F800000DB21 /* Supporting Files */ = {
			isa = PBXGroup;
			children = (
				5A25AFEF18E91B9C006843CD /* style.css */,
				5AE4A46818D93F800000DB21 /* KCAppDelegate.h */,
				5AE4A46918D93F800000DB21 /* KCAppDelegate.m */,
				5AE4A46118D93F800000DB21 /* Wordpress-Info.plist */,
				5AE4A46218D93F800000DB21 /* InfoPlist.strings */,
				5AE4A46518D93F800000DB21 /* main.m */,
				5AE4A46718D93F800000DB21 /* Wordpress-Prefix.pch */,
			);
			name = "Supporting Files";
			sourceTree = "<group>";
		};
		5AE4A47E18D93F810000DB21 /* WordpressTests */ = {
			isa = PBXGroup;
			children = (
				5AE4A48418D93F810000DB21 /* WordpressTests.m */,
				5AE4A47F18D93F810000DB21 /* Supporting Files */,
			);
			path = WordpressTests;
			sourceTree = "<group>";
		};
		5AE4A47F18D93F810000DB21 /* Supporting Files */ = {
			isa = PBXGroup;
			children = (
				5AE4A48018D93F810000DB21 /* WordpressTests-Info.plist */,
				5AE4A48118D93F810000DB21 /* InfoPlist.strings */,
			);
			name = "Supporting Files";
			sourceTree = "<group>";
		};
/* End PBXGroup section */

/* Begin PBXNativeTarget section */
		5AE4A45518D93F800000DB21 /* Wordpress */ = {
			isa = PBXNativeTarget;
			buildConfigurationList = 5AE4A48818D93F810000DB21 /* Build configuration list for PBXNativeTarget "Wordpress" */;
			buildPhases = (
				4CD7E28843264D8BBDE706B6 /* Check Pods Manifest.lock */,
				5AE4A45218D93F800000DB21 /* Sources */,
				5AE4A45318D93F800000DB21 /* Frameworks */,
				5AE4A45418D93F800000DB21 /* Resources */,
				8EED533F0ECC41119FC01CD4 /* Copy Pods Resources */,
			);
			buildRules = (
			);
			dependencies = (
			);
			name = Wordpress;
			productName = Wordpress;
			productReference = 5AE4A45618D93F800000DB21 /* Wordpress.app */;
			productType = "com.apple.product-type.application";
		};
		5AE4A47618D93F810000DB21 /* WordpressTests */ = {
			isa = PBXNativeTarget;
			buildConfigurationList = 5AE4A48B18D93F810000DB21 /* Build configuration list for PBXNativeTarget "WordpressTests" */;
			buildPhases = (
				5AE4A47318D93F810000DB21 /* Sources */,
				5AE4A47418D93F810000DB21 /* Frameworks */,
				5AE4A47518D93F810000DB21 /* Resources */,
			);
			buildRules = (
			);
			dependencies = (
				5AE4A47D18D93F810000DB21 /* PBXTargetDependency */,
			);
			name = WordpressTests;
			productName = WordpressTests;
			productReference = 5AE4A47718D93F810000DB21 /* WordpressTests.xctest */;
			productType = "com.apple.product-type.bundle.unit-test";
		};
/* End PBXNativeTarget section */

/* Begin PBXProject section */
		5AE4A44E18D93F800000DB21 /* Project object */ = {
			isa = PBXProject;
			attributes = {
				CLASSPREFIX = KC;
				LastUpgradeCheck = 0510;
				ORGANIZATIONNAME = "kavi chen";
				TargetAttributes = {
					5AE4A47618D93F810000DB21 = {
						TestTargetID = 5AE4A45518D93F800000DB21;
					};
				};
			};
			buildConfigurationList = 5AE4A45118D93F800000DB21 /* Build configuration list for PBXProject "Wordpress" */;
			compatibilityVersion = "Xcode 3.2";
			developmentRegion = English;
			hasScannedForEncodings = 0;
			knownRegions = (
				en,
				Base,
			);
			mainGroup = 5AE4A44D18D93F800000DB21;
			productRefGroup = 5AE4A45718D93F800000DB21 /* Products */;
			projectDirPath = "";
			projectRoot = "";
			targets = (
				5AE4A45518D93F800000DB21 /* Wordpress */,
				5AE4A47618D93F810000DB21 /* WordpressTests */,
			);
		};
/* End PBXProject section */

/* Begin PBXResourcesBuildPhase section */
		5AE4A45418D93F800000DB21 /* Resources */ = {
			isa = PBXResourcesBuildPhase;
			buildActionMask = 2147483647;
			files = (
				5AC590C7191DC486002C8A52 /* KCPostTableViewCell.xib in Resources */,
				5AE4A47218D93F800000DB21 /* Images.xcassets in Resources */,
				5A25AFF018E91B9C006843CD /* style.css in Resources */,
				5AE4A46418D93F800000DB21 /* InfoPlist.strings in Resources */,
				5AE4A46D18D93F800000DB21 /* Main.storyboard in Resources */,
			);
			runOnlyForDeploymentPostprocessing = 0;
		};
		5AE4A47518D93F810000DB21 /* Resources */ = {
			isa = PBXResourcesBuildPhase;
			buildActionMask = 2147483647;
			files = (
				5AE4A48318D93F810000DB21 /* InfoPlist.strings in Resources */,
			);
			runOnlyForDeploymentPostprocessing = 0;
		};
/* End PBXResourcesBuildPhase section */

/* Begin PBXShellScriptBuildPhase section */
		4CD7E28843264D8BBDE706B6 /* Check Pods Manifest.lock */ = {
			isa = PBXShellScriptBuildPhase;
			buildActionMask = 2147483647;
			files = (
			);
			inputPaths = (
			);
			name = "Check Pods Manifest.lock";
			outputPaths = (
			);
			runOnlyForDeploymentPostprocessing = 0;
			shellPath = /bin/sh;
			shellScript = "diff \"${PODS_ROOT}/../Podfile.lock\" \"${PODS_ROOT}/Manifest.lock\" > /dev/null\nif [[ $? != 0 ]] ; then\n    cat << EOM\nerror: The sandbox is not in sync with the Podfile.lock. Run 'pod install' or update your CocoaPods installation.\nEOM\n    exit 1\nfi\n";
			showEnvVarsInLog = 0;
		};
		8EED533F0ECC41119FC01CD4 /* Copy Pods Resources */ = {
			isa = PBXShellScriptBuildPhase;
			buildActionMask = 2147483647;
			files = (
			);
			inputPaths = (
			);
			name = "Copy Pods Resources";
			outputPaths = (
			);
			runOnlyForDeploymentPostprocessing = 0;
			shellPath = /bin/sh;
			shellScript = "\"${SRCROOT}/Pods/Pods-resources.sh\"\n";
			showEnvVarsInLog = 0;
		};
/* End PBXShellScriptBuildPhase section */

/* Begin PBXSourcesBuildPhase section */
		5AE4A45218D93F800000DB21 /* Sources */ = {
			isa = PBXSourcesBuildPhase;
			buildActionMask = 2147483647;
			files = (
				5AC590C1191DC486002C8A52 /* KCCommentsViewController.m in Sources */,
				5AC5907C191DC41B002C8A52 /* KCRootNavigationController.m in Sources */,
				5AC590B3191DC486002C8A52 /* KCCategoryManager.m in Sources */,
				5AE4A46A18D93F800000DB21 /* KCAppDelegate.m in Sources */,
				5AC590B5191DC486002C8A52 /* KCPostPageGetCommentsManager.m in Sources */,
				5AC590B4191DC486002C8A52 /* KCPostListInCategoryManager.m in Sources */,
				5AC590B2191DC486002C8A52 /* KCNetworkErrorHandler.m in Sources */,
				5AC590B9191DC486002C8A52 /* KCGetTermsRequestManager.m in Sources */,
				5AC590B7191DC486002C8A52 /* KCGetCommentsRequestManager.m in Sources */,
				5AC590B1191DC486002C8A52 /* KCErrorNotificationCenter.m in Sources */,
				5AC590C0191DC486002C8A52 /* KCCategoryTableViewController.m in Sources */,
				5AC590C3191DC486002C8A52 /* KCPostsTableViewController.m in Sources */,
				5AC590BE191DC486002C8A52 /* WPRequestManager.m in Sources */,
				5AC590C4191DC486002C8A52 /* WPRequest.m in Sources */,
				5AC590BC191DC486002C8A52 /* KCPostRequestManager.m in Sources */,
				5AC590B8191DC486002C8A52 /* KCGetPostsRequestManager.m in Sources */,
				5AE4A46618D93F800000DB21 /* main.m in Sources */,
				5AC590C2191DC486002C8A52 /* KCPostPageViewController.m in Sources */,
				5AC590BF191DC486002C8A52 /* KCAddNewCommentViewController.m in Sources */,
				5AC590C6191DC486002C8A52 /* KCPostTableViewCell.m in Sources */,
				5AC590BA191DC486002C8A52 /* KCGetUsersBlogsRequestManager.m in Sources */,
				5AC590BB191DC486002C8A52 /* KCNewCommentRequestManager.m in Sources */,
				5AC590B6191DC486002C8A52 /* KCBlogInfoRequestManager.m in Sources */,
				5AC590BD191DC486002C8A52 /* KCRequestManager.m in Sources */,
				5AC590C5191DC486002C8A52 /* KCCommentTableViewCell.m in Sources */,
			);
			runOnlyForDeploymentPostprocessing = 0;
		};
		5AE4A47318D93F810000DB21 /* Sources */ = {
			isa = PBXSourcesBuildPhase;
			buildActionMask = 2147483647;
			files = (
				5AE4A48518D93F810000DB21 /* WordpressTests.m in Sources */,
			);
			runOnlyForDeploymentPostprocessing = 0;
		};
/* End PBXSourcesBuildPhase section */

/* Begin PBXTargetDependency section */
		5AE4A47D18D93F810000DB21 /* PBXTargetDependency */ = {
			isa = PBXTargetDependency;
			target = 5AE4A45518D93F800000DB21 /* Wordpress */;
			targetProxy = 5AE4A47C18D93F810000DB21 /* PBXContainerItemProxy */;
		};
/* End PBXTargetDependency section */

/* Begin PBXVariantGroup section */
		5AE4A46218D93F800000DB21 /* InfoPlist.strings */ = {
			isa = PBXVariantGroup;
			children = (
				5AE4A46318D93F800000DB21 /* en */,
			);
			name = InfoPlist.strings;
			sourceTree = "<group>";
		};
		5AE4A46B18D93F800000DB21 /* Main.storyboard */ = {
			isa = PBXVariantGroup;
			children = (
				5AE4A46C18D93F800000DB21 /* Base */,
			);
			name = Main.storyboard;
			sourceTree = "<group>";
		};
		5AE4A48118D93F810000DB21 /* InfoPlist.strings */ = {
			isa = PBXVariantGroup;
			children = (
				5AE4A48218D93F810000DB21 /* en */,
			);
			name = InfoPlist.strings;
			sourceTree = "<group>";
		};
/* End PBXVariantGroup section */

/* Begin XCBuildConfiguration section */
		5AE4A48618D93F810000DB21 /* Debug */ = {
			isa = XCBuildConfiguration;
			buildSettings = {
				ALWAYS_SEARCH_USER_PATHS = NO;
				CLANG_CXX_LANGUAGE_STANDARD = "gnu++0x";
				CLANG_CXX_LIBRARY = "libc++";
				CLANG_ENABLE_MODULES = YES;
				CLANG_ENABLE_OBJC_ARC = YES;
				CLANG_WARN_BOOL_CONVERSION = YES;
				CLANG_WARN_CONSTANT_CONVERSION = YES;
				CLANG_WARN_DIRECT_OBJC_ISA_USAGE = YES_ERROR;
				CLANG_WARN_EMPTY_BODY = YES;
				CLANG_WARN_ENUM_CONVERSION = YES;
				CLANG_WARN_INT_CONVERSION = YES;
				CLANG_WARN_OBJC_ROOT_CLASS = YES_ERROR;
				CLANG_WARN__DUPLICATE_METHOD_MATCH = YES;
				CODE_SIGN_IDENTITY = "iPhone Developer: Guangzhong Cai (UN2UNY4959)";
				"CODE_SIGN_IDENTITY[sdk=iphoneos*]" = "iPhone Developer: Guangzhong Cai (UN2UNY4959)";
				COPY_PHASE_STRIP = NO;
				GCC_C_LANGUAGE_STANDARD = gnu99;
				GCC_DYNAMIC_NO_PIC = NO;
				GCC_OPTIMIZATION_LEVEL = 0;
				GCC_PREPROCESSOR_DEFINITIONS = (
					"DEBUG=1",
					"$(inherited)",
				);
				GCC_SYMBOLS_PRIVATE_EXTERN = NO;
				GCC_WARN_64_TO_32_BIT_CONVERSION = YES;
				GCC_WARN_ABOUT_RETURN_TYPE = YES_ERROR;
				GCC_WARN_UNDECLARED_SELECTOR = YES;
				GCC_WARN_UNINITIALIZED_AUTOS = YES_AGGRESSIVE;
				GCC_WARN_UNUSED_FUNCTION = YES;
				GCC_WARN_UNUSED_VARIABLE = YES;
				IPHONEOS_DEPLOYMENT_TARGET = 6.1;
				ONLY_ACTIVE_ARCH = YES;
				PROVISIONING_PROFILE = "";
				SDKROOT = iphoneos;
			};
			name = Debug;
		};
		5AE4A48718D93F810000DB21 /* Release */ = {
			isa = XCBuildConfiguration;
			buildSettings = {
				ALWAYS_SEARCH_USER_PATHS = NO;
				CLANG_CXX_LANGUAGE_STANDARD = "gnu++0x";
				CLANG_CXX_LIBRARY = "libc++";
				CLANG_ENABLE_MODULES = YES;
				CLANG_ENABLE_OBJC_ARC = YES;
				CLANG_WARN_BOOL_CONVERSION = YES;
				CLANG_WARN_CONSTANT_CONVERSION = YES;
				CLANG_WARN_DIRECT_OBJC_ISA_USAGE = YES_ERROR;
				CLANG_WARN_EMPTY_BODY = YES;
				CLANG_WARN_ENUM_CONVERSION = YES;
				CLANG_WARN_INT_CONVERSION = YES;
				CLANG_WARN_OBJC_ROOT_CLASS = YES_ERROR;
				CLANG_WARN__DUPLICATE_METHOD_MATCH = YES;
				CODE_SIGN_IDENTITY = "iPhone Developer: Guangzhong Cai (UN2UNY4959)";
				"CODE_SIGN_IDENTITY[sdk=iphoneos*]" = "iPhone Developer: Guangzhong Cai (UN2UNY4959)";
				COPY_PHASE_STRIP = YES;
				ENABLE_NS_ASSERTIONS = NO;
				GCC_C_LANGUAGE_STANDARD = gnu99;
				GCC_WARN_64_TO_32_BIT_CONVERSION = YES;
				GCC_WARN_ABOUT_RETURN_TYPE = YES_ERROR;
				GCC_WARN_UNDECLARED_SELECTOR = YES;
				GCC_WARN_UNINITIALIZED_AUTOS = YES_AGGRESSIVE;
				GCC_WARN_UNUSED_FUNCTION = YES;
				GCC_WARN_UNUSED_VARIABLE = YES;
				IPHONEOS_DEPLOYMENT_TARGET = 6.1;
				PROVISIONING_PROFILE = "";
				SDKROOT = iphoneos;
				VALIDATE_PRODUCT = YES;
			};
			name = Release;
		};
		5AE4A48918D93F810000DB21 /* Debug */ = {
			isa = XCBuildConfiguration;
			baseConfigurationReference = 2ED28D173AA34971908983B2 /* Pods.xcconfig */;
			buildSettings = {
				ASSETCATALOG_COMPILER_APPICON_NAME = AppIcon;
				ASSETCATALOG_COMPILER_LAUNCHIMAGE_NAME = LaunchImage;
				CODE_SIGN_IDENTITY = "iPhone Developer: qiwei chen (H9B4AL4532)";
				FRAMEWORK_SEARCH_PATHS = (
					"$(inherited)",
					"$(SYSTEM_APPS_DIR)/Reveal.app/Contents/SharedSupport/iOS-Libraries",
				);
				GCC_PRECOMPILE_PREFIX_HEADER = YES;
				GCC_PREFIX_HEADER = "Wordpress/Wordpress-Prefix.pch";
				INFOPLIST_FILE = "Wordpress/Wordpress-Info.plist";
				IPHONEOS_DEPLOYMENT_TARGET = 6.1;
				LIBRARY_SEARCH_PATHS = "$(inherited)";
				PRODUCT_NAME = "$(TARGET_NAME)";
				TARGETED_DEVICE_FAMILY = 1;
				WRAPPER_EXTENSION = app;
			};
			name = Debug;
		};
		5AE4A48A18D93F810000DB21 /* Release */ = {
			isa = XCBuildConfiguration;
			baseConfigurationReference = 2ED28D173AA34971908983B2 /* Pods.xcconfig */;
			buildSettings = {
				ASSETCATALOG_COMPILER_APPICON_NAME = AppIcon;
				ASSETCATALOG_COMPILER_LAUNCHIMAGE_NAME = LaunchImage;
				CODE_SIGN_IDENTITY = "iPhone Developer: qiwei chen (H9B4AL4532)";
				FRAMEWORK_SEARCH_PATHS = (
					"$(inherited)",
					"$(SYSTEM_APPS_DIR)/Reveal.app/Contents/SharedSupport/iOS-Libraries",
				);
				GCC_PRECOMPILE_PREFIX_HEADER = YES;
				GCC_PREFIX_HEADER = "Wordpress/Wordpress-Prefix.pch";
				INFOPLIST_FILE = "Wordpress/Wordpress-Info.plist";
				IPHONEOS_DEPLOYMENT_TARGET = 6.1;
				LIBRARY_SEARCH_PATHS = "$(inherited)";
				PRODUCT_NAME = "$(TARGET_NAME)";
				TARGETED_DEVICE_FAMILY = 1;
				WRAPPER_EXTENSION = app;
			};
			name = Release;
		};
		5AE4A48C18D93F810000DB21 /* Debug */ = {
			isa = XCBuildConfiguration;
			buildSettings = {
				BUNDLE_LOADER = "$(BUILT_PRODUCTS_DIR)/Wordpress.app/Wordpress";
				FRAMEWORK_SEARCH_PATHS = (
					"$(SDKROOT)/Developer/Library/Frameworks",
					"$(inherited)",
					"$(DEVELOPER_FRAMEWORKS_DIR)",
				);
				GCC_PRECOMPILE_PREFIX_HEADER = YES;
				GCC_PREFIX_HEADER = "Wordpress/Wordpress-Prefix.pch";
				GCC_PREPROCESSOR_DEFINITIONS = (
					"DEBUG=1",
					"$(inherited)",
				);
				INFOPLIST_FILE = "WordpressTests/WordpressTests-Info.plist";
				PRODUCT_NAME = "$(TARGET_NAME)";
				TEST_HOST = "$(BUNDLE_LOADER)";
				WRAPPER_EXTENSION = xctest;
			};
			name = Debug;
		};
		5AE4A48D18D93F810000DB21 /* Release */ = {
			isa = XCBuildConfiguration;
			buildSettings = {
				BUNDLE_LOADER = "$(BUILT_PRODUCTS_DIR)/Wordpress.app/Wordpress";
				FRAMEWORK_SEARCH_PATHS = (
					"$(SDKROOT)/Developer/Library/Frameworks",
					"$(inherited)",
					"$(DEVELOPER_FRAMEWORKS_DIR)",
				);
				GCC_PRECOMPILE_PREFIX_HEADER = YES;
				GCC_PREFIX_HEADER = "Wordpress/Wordpress-Prefix.pch";
				INFOPLIST_FILE = "WordpressTests/WordpressTests-Info.plist";
				PRODUCT_NAME = "$(TARGET_NAME)";
				TEST_HOST = "$(BUNDLE_LOADER)";
				WRAPPER_EXTENSION = xctest;
			};
			name = Release;
		};
/* End XCBuildConfiguration section */

/* Begin XCConfigurationList section */
		5AE4A45118D93F800000DB21 /* Build configuration list for PBXProject "Wordpress" */ = {
			isa = XCConfigurationList;
			buildConfigurations = (
				5AE4A48618D93F810000DB21 /* Debug */,
				5AE4A48718D93F810000DB21 /* Release */,
			);
			defaultConfigurationIsVisible = 0;
			defaultConfigurationName = Release;
		};
		5AE4A48818D93F810000DB21 /* Build configuration list for PBXNativeTarget "Wordpress" */ = {
			isa = XCConfigurationList;
			buildConfigurations = (
				5AE4A48918D93F810000DB21 /* Debug */,
				5AE4A48A18D93F810000DB21 /* Release */,
			);
			defaultConfigurationIsVisible = 0;
			defaultConfigurationName = Release;
		};
		5AE4A48B18D93F810000DB21 /* Build configuration list for PBXNativeTarget "WordpressTests" */ = {
			isa = XCConfigurationList;
			buildConfigurations = (
				5AE4A48C18D93F810000DB21 /* Debug */,
				5AE4A48D18D93F810000DB21 /* Release */,
			);
			defaultConfigurationIsVisible = 0;
			defaultConfigurationName = Release;
		};
/* End XCConfigurationList section */
	};
	rootObject = 5AE4A44E18D93F800000DB21 /* Project object */;
}
